
Microsoft Visual Studio Solution File, Format Version 12.00
# Visual Studio 15
VisualStudioVersion = 15.0.28307.489
MinimumVisualStudioVersion = 10.0.40219.1
Project("{FAE04EC0-301F-11D3-BF4B-00C04F79EFBC}") = "DownloaderApp", "DownloaderApp.csproj", "{C566538A-FD00-42C2-9CBF-15474CFC5275}"
EndProject
Global
	GlobalSection(SolutionConfigurationPlatforms) = preSolution
		Debug|Any CPU = Debug|Any CPU
		Release|Any CPU = Release|Any CPU
	EndGlobalSection
	GlobalSection(ProjectConfigurationPlatforms) = postSolution
		{C566538A-FD00-42C2-9CBF-15474CFC5275}.Debug|Any CPU.ActiveCfg = Debug|Any CPU
		{C566538A-FD00-42C2-9CBF-15474CFC5275}.Debug|Any CPU.Build.0 = Debug|Any CPU
		{C566538A-FD00-42C2-9CBF-15474CFC5275}.Release|Any CPU.ActiveCfg = Release|Any CPU
		{C566538A-FD00-42C2-9CBF-15474CFC5275}.Release|Any CPU.Build.0 = Release|Any CPU
	EndGlobalSection
	GlobalSection(SolutionProperties) = preSolution
		HideSolutionNode = FALSE
	EndGlobalSection
	GlobalSection(ExtensibilityGlobals) = postSolution
		SolutionGuid = {076C9D65-735B-4F97-943F-FBC076D7BC9C}
	EndGlobalSection
EndGlobal
